PODS:
  - EZBundleHelp (0.1.0)
  - Masonry (1.1.0)
  - WNJChannelEditController (0.1.6):
    - EZBundleHelp
    - Masonry

DEPENDENCIES:
  - WNJChannelEditController (from `../`)

SPEC REPOS:
  https://cdn.cocoapods.org/:
    - EZBundleHelp
    - Masonry

EXTERNAL SOURCES:
  WNJChannelEditController:
    :path: "../"

SPEC CHECKSUMS:
  EZBundleHelp: b702b66f800566cba71016128652a5afc63c3e46
  Masonry: 678fab65091a9290e40e2832a55e7ab731aad201
  WNJChannelEditController: df4ed0c502cf82adb60465624f362102a0b14f8c

PODFILE CHECKSUM: d0bcd9bd57a8d37e47a714d40eed469d317f97ee

COCOAPODS: 1.9.3
